
Microsoft Visual Studio Solution File, Format Version 12.00
# Visual Studio Version 16
VisualStudioVersion = 16.0.30611.23
MinimumVisualStudioVersion = 10.0.40219.1
Project("{FAE04EC0-301F-11D3-BF4B-00C04F79EFBC}") = "S1", "S1\S1.csproj", "{8F6F12D9-427D-42A3-BDBC-46C1263DC8F3}"
EndProject
Global
	GlobalSection(SolutionConfigurationPlatforms) = preSolution
		Debug|Any CPU = Debug|Any CPU
		Release|Any CPU = Release|Any CPU
	EndGlobalSection
	GlobalSection(ProjectConfigurationPlatforms) = postSolution
		{8F6F12D9-427D-42A3-BDBC-46C1263DC8F3}.Debug|Any CPU.ActiveCfg = Debug|Any CPU
		{8F6F12D9-427D-42A3-BDBC-46C1263DC8F3}.Debug|Any CPU.Build.0 = Debug|Any CPU
		{8F6F12D9-427D-42A3-BDBC-46C1263DC8F3}.Release|Any CPU.ActiveCfg = Release|Any CPU
		{8F6F12D9-427D-42A3-BDBC-46C1263DC8F3}.Release|Any CPU.Build.0 = Release|Any CPU
	EndGlobalSection
	GlobalSection(SolutionProperties) = preSolution
		HideSolutionNode = FALSE
	EndGlobalSection
	GlobalSection(ExtensibilityGlobals) = postSolution
		SolutionGuid = {97913F6E-2E85-414E-AA80-BBA4BC3C3068}
	EndGlobalSection
EndGlobal
