
Microsoft Visual Studio Solution File, Format Version 12.00
# Visual Studio Version 16
VisualStudioVersion = 16.0.30611.23
MinimumVisualStudioVersion = 10.0.40219.1
Project("{FAE04EC0-301F-11D3-BF4B-00C04F79EFBC}") = "ödev-3", "ödev-3\ödev-3.csproj", "{A07491EC-CC45-40EA-A664-BAB10A8B75D6}"
EndProject
Global
	GlobalSection(SolutionConfigurationPlatforms) = preSolution
		Debug|Any CPU = Debug|Any CPU
		Release|Any CPU = Release|Any CPU
	EndGlobalSection
	GlobalSection(ProjectConfigurationPlatforms) = postSolution
		{A07491EC-CC45-40EA-A664-BAB10A8B75D6}.Debug|Any CPU.ActiveCfg = Debug|Any CPU
		{A07491EC-CC45-40EA-A664-BAB10A8B75D6}.Debug|Any CPU.Build.0 = Debug|Any CPU
		{A07491EC-CC45-40EA-A664-BAB10A8B75D6}.Release|Any CPU.ActiveCfg = Release|Any CPU
		{A07491EC-CC45-40EA-A664-BAB10A8B75D6}.Release|Any CPU.Build.0 = Release|Any CPU
	EndGlobalSection
	GlobalSection(SolutionProperties) = preSolution
		HideSolutionNode = FALSE
	EndGlobalSection
	GlobalSection(ExtensibilityGlobals) = postSolution
		SolutionGuid = {0E33E417-6283-4397-B32F-F5D1723390D6}
	EndGlobalSection
EndGlobal
