
Microsoft Visual Studio Solution File, Format Version 12.00
# Visual Studio Version 16
VisualStudioVersion = 16.0.30611.23
MinimumVisualStudioVersion = 10.0.40219.1
Project("{FAE04EC0-301F-11D3-BF4B-00C04F79EFBC}") = "ödev-1", "ödev-1\ödev-1.csproj", "{EDC6EBCC-0763-4897-860C-A7466B60D42D}"
EndProject
Global
	GlobalSection(SolutionConfigurationPlatforms) = preSolution
		Debug|Any CPU = Debug|Any CPU
		Release|Any CPU = Release|Any CPU
	EndGlobalSection
	GlobalSection(ProjectConfigurationPlatforms) = postSolution
		{EDC6EBCC-0763-4897-860C-A7466B60D42D}.Debug|Any CPU.ActiveCfg = Debug|Any CPU
		{EDC6EBCC-0763-4897-860C-A7466B60D42D}.Debug|Any CPU.Build.0 = Debug|Any CPU
		{EDC6EBCC-0763-4897-860C-A7466B60D42D}.Release|Any CPU.ActiveCfg = Release|Any CPU
		{EDC6EBCC-0763-4897-860C-A7466B60D42D}.Release|Any CPU.Build.0 = Release|Any CPU
	EndGlobalSection
	GlobalSection(SolutionProperties) = preSolution
		HideSolutionNode = FALSE
	EndGlobalSection
	GlobalSection(ExtensibilityGlobals) = postSolution
		SolutionGuid = {E0D09ECB-0C73-4358-9F37-073E57A54BAE}
	EndGlobalSection
EndGlobal
