
Microsoft Visual Studio Solution File, Format Version 12.00
# Visual Studio Version 16
VisualStudioVersion = 16.0.30611.23
MinimumVisualStudioVersion = 10.0.40219.1
Project("{FAE04EC0-301F-11D3-BF4B-00C04F79EFBC}") = "ödev-5", "ödev-5\ödev-5.csproj", "{AA4CEED1-7E55-4199-91E7-F856BF0FA071}"
EndProject
Global
	GlobalSection(SolutionConfigurationPlatforms) = preSolution
		Debug|Any CPU = Debug|Any CPU
		Release|Any CPU = Release|Any CPU
	EndGlobalSection
	GlobalSection(ProjectConfigurationPlatforms) = postSolution
		{AA4CEED1-7E55-4199-91E7-F856BF0FA071}.Debug|Any CPU.ActiveCfg = Debug|Any CPU
		{AA4CEED1-7E55-4199-91E7-F856BF0FA071}.Debug|Any CPU.Build.0 = Debug|Any CPU
		{AA4CEED1-7E55-4199-91E7-F856BF0FA071}.Release|Any CPU.ActiveCfg = Release|Any CPU
		{AA4CEED1-7E55-4199-91E7-F856BF0FA071}.Release|Any CPU.Build.0 = Release|Any CPU
	EndGlobalSection
	GlobalSection(SolutionProperties) = preSolution
		HideSolutionNode = FALSE
	EndGlobalSection
	GlobalSection(ExtensibilityGlobals) = postSolution
		SolutionGuid = {82F8D911-45BE-4AA1-B1D3-BB195FBAA31B}
	EndGlobalSection
EndGlobal
